<?xml version="1.0" encoding="utf-8"?>
<Project ToolsVersion="4.0" xmlns="http://schemas.microsoft.com/developer/msbuild/2003">
  <ItemGroup>
    <Filter Include="Source Files">
      <UniqueIdentifier>{4FC737F1-C7A5-4376-A066-2A32D752A2FF}</UniqueIdentifier>
      <Extensions>cpp;c;cc;cxx;def;odl;idl;hpj;bat;asm;asmx</Extensions>
    </Filter>
    <Filter Include="Header Files">
      <UniqueIdentifier>{93995380-89BD-4b04-88EB-625FBE52EBFB}</UniqueIdentifier>
      <Extensions>h;hh;hpp;hxx;hm;inl;inc;xsd</Extensions>
    </Filter>
    <Filter Include="Resource Files">
      <UniqueIdentifier>{67DA6AB6-F800-4c08-8B7A-83BB121AAD01}</UniqueIdentifier>
      <Extensions>rc;ico;cur;bmp;dlg;rc2;rct;bin;rgs;gif;jpg;jpeg;jpe;resx;tiff;tif;png;wav;mfcribbon-ms</Extensions>
    </Filter>
    <Filter Include="Header Files\Abstract">
      <UniqueIdentifier>{dcf4fdd0-3f55-4626-a656-6b09a184f97c}</UniqueIdentifier>
    </Filter>
    <Filter Include="Header Files\Numerical Analysis">
      <UniqueIdentifier>{6c934982-5e81-447a-adc6-9f4feef5558c}</UniqueIdentifier>
    </Filter>
    <Filter Include="Header Files\Exceptions">
      <UniqueIdentifier>{307ae943-18eb-415c-93f1-9efc4935900a}</UniqueIdentifier>
    </Filter>
  </ItemGroup>
  <ItemGroup>
    <ClInclude Include="CFG.h">
      <Filter>Header Files\Abstract</Filter>
    </ClInclude>
    <ClInclude Include="StateNode.h">
      <Filter>Header Files\Abstract</Filter>
    </ClInclude>
    <ClInclude Include="Variable.h">
      <Filter>Header Files\Abstract</Filter>
    </ClInclude>
    <ClInclude Include="Constant.h">
      <Filter>Header Files\Abstract</Filter>
    </ClInclude>
    <ClInclude Include="Edge.h">
      <Filter>Header Files\Abstract</Filter>
    </ClInclude>
    <ClInclude Include="Command.h">
      <Filter>Header Files\Abstract</Filter>
    </ClInclude>
    <ClInclude Include="NA_Constant.h">
      <Filter>Header Files\Numerical Analysis</Filter>
    </ClInclude>
    <ClInclude Include="NA_StateNode.h">
      <Filter>Header Files\Numerical Analysis</Filter>
    </ClInclude>
    <ClInclude Include="NA_Command.h">
      <Filter>Header Files\Numerical Analysis</Filter>
    </ClInclude>
    <ClInclude Include="Tools.h">
      <Filter>Header Files\Numerical Analysis</Filter>
    </ClInclude>
    <ClInclude Include="NA_AtomicExpression.h">
      <Filter>Header Files\Numerical Analysis</Filter>
    </ClInclude>
    <ClInclude Include="AtomicExpression.h">
      <Filter>Header Files\Abstract</Filter>
    </ClInclude>
    <ClInclude Include="NA_Expression.h">
      <Filter>Header Files\Numerical Analysis</Filter>
    </ClInclude>
    <ClInclude Include="CFGIncompleteError.h">
      <Filter>Header Files\Exceptions</Filter>
    </ClInclude>
    <ClInclude Include="bool3InputError.h">
      <Filter>Header Files\Exceptions</Filter>
    </ClInclude>
    <ClInclude Include="AssertError.h">
      <Filter>Header Files\Exceptions</Filter>
    </ClInclude>
    <ClInclude Include="ParseCommandError.h">
      <Filter>Header Files\Exceptions</Filter>
    </ClInclude>
    <ClInclude Include="ParseError.h">
      <Filter>Header Files\Exceptions</Filter>
    </ClInclude>
    <ClInclude Include="TypeError.h">
      <Filter>Header Files\Exceptions</Filter>
    </ClInclude>
    <ClInclude Include="Expression.h">
      <Filter>Header Files\Abstract</Filter>
    </ClInclude>
    <ClInclude Include="JoinError.h">
      <Filter>Header Files\Exceptions</Filter>
    </ClInclude>
  </ItemGroup>
  <ItemGroup>
    <ClCompile Include="NA_StateNode.cpp">
      <Filter>Source Files</Filter>
    </ClCompile>
    <ClCompile Include="NA_Command.cpp">
      <Filter>Source Files</Filter>
    </ClCompile>
    <ClCompile Include="NA_Constant.cpp">
      <Filter>Source Files</Filter>
    </ClCompile>
    <ClCompile Include="main.cpp">
      <Filter>Source Files</Filter>
    </ClCompile>
    <ClCompile Include="CFG.cpp">
      <Filter>Source Files</Filter>
    </ClCompile>
    <ClCompile Include="Edge.cpp">
      <Filter>Source Files</Filter>
    </ClCompile>
    <ClCompile Include="NA_AtomicExpression.cpp">
      <Filter>Source Files</Filter>
    </ClCompile>
    <ClCompile Include="NA_Expression.cpp">
      <Filter>Source Files</Filter>
    </ClCompile>
    <ClCompile Include="StateNode.cpp">
      <Filter>Source Files</Filter>
    </ClCompile>
    <ClCompile Include="Expression.cpp">
      <Filter>Source Files</Filter>
    </ClCompile>
    <ClCompile Include="Command.cpp">
      <Filter>Source Files</Filter>
    </ClCompile>
    <ClCompile Include="AtomicExpression.cpp">
      <Filter>Source Files</Filter>
    </ClCompile>
  </ItemGroup>
</Project>